// !$*UTF8*$!
{
	archiveVersion = 1;
	classes = {
	};
	objectVersion = 50;
	objects = {

/* Begin PBXBuildFile section */
		D444D99423070419007047E1 /* MovieController.swift in Sources */ = {isa = PBXBuildFile; fileRef = D444D99323070419007047E1 /* MovieController.swift */; };
		D444D996230708FE007047E1 /* MovieDatabaseTableViewController.swift in Sources */ = {isa = PBXBuildFile; fileRef = D444D995230708FE007047E1 /* MovieDatabaseTableViewController.swift */; };
		D444D99823070C4B007047E1 /* MovieResultsTableViewCell.swift in Sources */ = {isa = PBXBuildFile; fileRef = D444D99723070C4B007047E1 /* MovieResultsTableViewCell.swift */; };
		D4AFF4842307028900F291F8 /* AppDelegate.swift in Sources */ = {isa = PBXBuildFile; fileRef = D4AFF4832307028900F291F8 /* AppDelegate.swift */; };
		D4AFF4892307028900F291F8 /* Main.storyboard in Resources */ = {isa = PBXBuildFile; fileRef = D4AFF4872307028900F291F8 /* Main.storyboard */; };
		D4AFF48B2307028900F291F8 /* Assets.xcassets in Resources */ = {isa = PBXBuildFile; fileRef = D4AFF48A2307028900F291F8 /* Assets.xcassets */; };
		D4AFF48E2307028900F291F8 /* LaunchScreen.storyboard in Resources */ = {isa = PBXBuildFile; fileRef = D4AFF48C2307028900F291F8 /* LaunchScreen.storyboard */; };
		D4AFF49C230702FB00F291F8 /* Movie.swift in Sources */ = {isa = PBXBuildFile; fileRef = D4AFF49B230702FB00F291F8 /* Movie.swift */; };
/* End PBXBuildFile section */

/* Begin PBXFileReference section */
		D444D99323070419007047E1 /* MovieController.swift */ = {isa = PBXFileReference; lastKnownFileType = sourcecode.swift; path = MovieController.swift; sourceTree = "<group>"; };
		D444D995230708FE007047E1 /* MovieDatabaseTableViewController.swift */ = {isa = PBXFileReference; lastKnownFileType = sourcecode.swift; path = MovieDatabaseTableViewController.swift; sourceTree = "<group>"; };
		D444D99723070C4B007047E1 /* MovieResultsTableViewCell.swift */ = {isa = PBXFileReference; lastKnownFileType = sourcecode.swift; path = MovieResultsTableViewCell.swift; sourceTree = "<group>"; };
		D4AFF4802307028900F291F8 /* MovieDatabase.app */ = {isa = PBXFileReference; explicitFileType = wrapper.application; includeInIndex = 0; path = MovieDatabase.app; sourceTree = BUILT_PRODUCTS_DIR; };
		D4AFF4832307028900F291F8 /* AppDelegate.swift */ = {isa = PBXFileReference; lastKnownFileType = sourcecode.swift; path = AppDelegate.swift; sourceTree = "<group>"; };
		D4AFF4882307028900F291F8 /* Base */ = {isa = PBXFileReference; lastKnownFileType = file.storyboard; name = Base; path = Base.lproj/Main.storyboard; sourceTree = "<group>"; };
		D4AFF48A2307028900F291F8 /* Assets.xcassets */ = {isa = PBXFileReference; lastKnownFileType = folder.assetcatalog; path = Assets.xcassets; sourceTree = "<group>"; };
		D4AFF48D2307028900F291F8 /* Base */ = {isa = PBXFileReference; lastKnownFileType = file.storyboard; name = Base; path = Base.lproj/LaunchScreen.storyboard; sourceTree = "<group>"; };
		D4AFF48F2307028900F291F8 /* Info.plist */ = {isa = PBXFileReference; lastKnownFileType = text.plist.xml; path = Info.plist; sourceTree = "<group>"; };
		D4AFF49B230702FB00F291F8 /* Movie.swift */ = {isa = PBXFileReference; lastKnownFileType = sourcecode.swift; path = Movie.swift; sourceTree = "<group>"; };
/* End PBXFileReference section */

/* Begin PBXFrameworksBuildPhase section */
		D4AFF47D2307028900F291F8 /* Frameworks */ = {
			isa = PBXFrameworksBuildPhase;
			buildActionMask = 2147483647;
			files = (
			);
			runOnlyForDeploymentPostprocessing = 0;
		};
/* End PBXFrameworksBuildPhase section */

/* Begin PBXGroup section */
		D4AFF4772307028900F291F8 = {
			isa = PBXGroup;
			children = (
				D4AFF4822307028900F291F8 /* MovieDatabase */,
				D4AFF4812307028900F291F8 /* Products */,
			);
			sourceTree = "<group>";
		};
		D4AFF4812307028900F291F8 /* Products */ = {
			isa = PBXGroup;
			children = (
				D4AFF4802307028900F291F8 /* MovieDatabase.app */,
			);
			name = Products;
			sourceTree = "<group>";
		};
		D4AFF4822307028900F291F8 /* MovieDatabase */ = {
			isa = PBXGroup;
			children = (
				D4AFF49A230702C900F291F8 /* Storyboards */,
				D4AFF499230702C100F291F8 /* Models */,
				D4AFF498230702B800F291F8 /* Model Controllers */,
				D4AFF497230702B000F291F8 /* View Controllers */,
				D4AFF496230702A900F291F8 /* Views */,
				D4AFF4952307029700F291F8 /* Resources */,
			);
			path = MovieDatabase;
			sourceTree = "<group>";
		};
		D4AFF4952307029700F291F8 /* Resources */ = {
			isa = PBXGroup;
			children = (
				D4AFF4832307028900F291F8 /* AppDelegate.swift */,
				D4AFF48A2307028900F291F8 /* Assets.xcassets */,
				D4AFF48C2307028900F291F8 /* LaunchScreen.storyboard */,
				D4AFF48F2307028900F291F8 /* Info.plist */,
			);
			path = Resources;
			sourceTree = "<group>";
		};
		D4AFF496230702A900F291F8 /* Views */ = {
			isa = PBXGroup;
			children = (
				D444D99723070C4B007047E1 /* MovieResultsTableViewCell.swift */,
			);
			path = Views;
			sourceTree = "<group>";
		};
		D4AFF497230702B000F291F8 /* View Controllers */ = {
			isa = PBXGroup;
			children = (
				D444D995230708FE007047E1 /* MovieDatabaseTableViewController.swift */,
			);
			path = "View Controllers";
			sourceTree = "<group>";
		};
		D4AFF498230702B800F291F8 /* Model Controllers */ = {
			isa = PBXGroup;
			children = (
				D444D99323070419007047E1 /* MovieController.swift */,
			);
			path = "Model Controllers";
			sourceTree = "<group>";
		};
		D4AFF499230702C100F291F8 /* Models */ = {
			isa = PBXGroup;
			children = (
				D4AFF49B230702FB00F291F8 /* Movie.swift */,
			);
			path = Models;
			sourceTree = "<group>";
		};
		D4AFF49A230702C900F291F8 /* Storyboards */ = {
			isa = PBXGroup;
			children = (
				D4AFF4872307028900F291F8 /* Main.storyboard */,
			);
			path = Storyboards;
			sourceTree = "<group>";
		};
/* End PBXGroup section */

/* Begin PBXNativeTarget section */
		D4AFF47F2307028900F291F8 /* MovieDatabase */ = {
			isa = PBXNativeTarget;
			buildConfigurationList = D4AFF4922307028900F291F8 /* Build configuration list for PBXNativeTarget "MovieDatabase" */;
			buildPhases = (
				D4AFF47C2307028900F291F8 /* Sources */,
				D4AFF47D2307028900F291F8 /* Frameworks */,
				D4AFF47E2307028900F291F8 /* Resources */,
			);
			buildRules = (
			);
			dependencies = (
			);
			name = MovieDatabase;
			productName = MovieDatabase;
			productReference = D4AFF4802307028900F291F8 /* MovieDatabase.app */;
			productType = "com.apple.product-type.application";
		};
/* End PBXNativeTarget section */

/* Begin PBXProject section */
		D4AFF4782307028900F291F8 /* Project object */ = {
			isa = PBXProject;
			attributes = {
				LastSwiftUpdateCheck = 1030;
				LastUpgradeCheck = 1030;
				ORGANIZATIONNAME = Apps;
				TargetAttributes = {
					D4AFF47F2307028900F291F8 = {
						CreatedOnToolsVersion = 10.3;
					};
				};
			};
			buildConfigurationList = D4AFF47B2307028900F291F8 /* Build configuration list for PBXProject "MovieDatabase" */;
			compatibilityVersion = "Xcode 9.3";
			developmentRegion = en;
			hasScannedForEncodings = 0;
			knownRegions = (
				en,
				Base,
			);
			mainGroup = D4AFF4772307028900F291F8;
			productRefGroup = D4AFF4812307028900F291F8 /* Products */;
			projectDirPath = "";
			projectRoot = "";
			targets = (
				D4AFF47F2307028900F291F8 /* MovieDatabase */,
			);
		};
/* End PBXProject section */

/* Begin PBXResourcesBuildPhase section */
		D4AFF47E2307028900F291F8 /* Resources */ = {
			isa = PBXResourcesBuildPhase;
			buildActionMask = 2147483647;
			files = (
				D4AFF48E2307028900F291F8 /* LaunchScreen.storyboard in Resources */,
				D4AFF48B2307028900F291F8 /* Assets.xcassets in Resources */,
				D4AFF4892307028900F291F8 /* Main.storyboard in Resources */,
			);
			runOnlyForDeploymentPostprocessing = 0;
		};
/* End PBXResourcesBuildPhase section */

/* Begin PBXSourcesBuildPhase section */
		D4AFF47C2307028900F291F8 /* Sources */ = {
			isa = PBXSourcesBuildPhase;
			buildActionMask = 2147483647;
			files = (
				D444D99423070419007047E1 /* MovieController.swift in Sources */,
				D444D996230708FE007047E1 /* MovieDatabaseTableViewController.swift in Sources */,
				D4AFF49C230702FB00F291F8 /* Movie.swift in Sources */,
				D444D99823070C4B007047E1 /* MovieResultsTableViewCell.swift in Sources */,
				D4AFF4842307028900F291F8 /* AppDelegate.swift in Sources */,
			);
			runOnlyForDeploymentPostprocessing = 0;
		};
/* End PBXSourcesBuildPhase section */

/* Begin PBXVariantGroup section */
		D4AFF4872307028900F291F8 /* Main.storyboard */ = {
			isa = PBXVariantGroup;
			children = (
				D4AFF4882307028900F291F8 /* Base */,
			);
			name = Main.storyboard;
			sourceTree = "<group>";
		};
		D4AFF48C2307028900F291F8 /* LaunchScreen.storyboard */ = {
			isa = PBXVariantGroup;
			children = (
				D4AFF48D2307028900F291F8 /* Base */,
			);
			name = LaunchScreen.storyboard;
			sourceTree = "<group>";
		};
/* End PBXVariantGroup section */

/* Begin XCBuildConfiguration section */
		D4AFF4902307028900F291F8 /* Debug */ = {
			isa = XCBuildConfiguration;
			buildSettings = {
				ALWAYS_SEARCH_USER_PATHS = NO;
				CLANG_ANALYZER_NONNULL = YES;
				CLANG_ANALYZER_NUMBER_OBJECT_CONVERSION = YES_AGGRESSIVE;
				CLANG_CXX_LANGUAGE_STANDARD = "gnu++14";
				CLANG_CXX_LIBRARY = "libc++";
				CLANG_ENABLE_MODULES = YES;
				CLANG_ENABLE_OBJC_ARC = YES;
				CLANG_ENABLE_OBJC_WEAK = YES;
				CLANG_WARN_BLOCK_CAPTURE_AUTORELEASING = YES;
				CLANG_WARN_BOOL_CONVERSION = YES;
				CLANG_WARN_COMMA = YES;
				CLANG_WARN_CONSTANT_CONVERSION = YES;
				CLANG_WARN_DEPRECATED_OBJC_IMPLEMENTATIONS = YES;
				CLANG_WARN_DIRECT_OBJC_ISA_USAGE = YES_ERROR;
				CLANG_WARN_DOCUMENTATION_COMMENTS = YES;
				CLANG_WARN_EMPTY_BODY = YES;
				CLANG_WARN_ENUM_CONVERSION = YES;
				CLANG_WARN_INFINITE_RECURSION = YES;
				CLANG_WARN_INT_CONVERSION = YES;
				CLANG_WARN_NON_LITERAL_NULL_CONVERSION = YES;
				CLANG_WARN_OBJC_IMPLICIT_RETAIN_SELF = YES;
				CLANG_WARN_OBJC_LITERAL_CONVERSION = YES;
				CLANG_WARN_OBJC_ROOT_CLASS = YES_ERROR;
				CLANG_WARN_RANGE_LOOP_ANALYSIS = YES;
				CLANG_WARN_STRICT_PROTOTYPES = YES;
				CLANG_WARN_SUSPICIOUS_MOVE = YES;
				CLANG_WARN_UNGUARDED_AVAILABILITY = YES_AGGRESSIVE;
				CLANG_WARN_UNREACHABLE_CODE = YES;
				CLANG_WARN__DUPLICATE_METHOD_MATCH = YES;
				CODE_SIGN_IDENTITY = "iPhone Developer";
				COPY_PHASE_STRIP = NO;
				DEBUG_INFORMATION_FORMAT = dwarf;
				ENABLE_STRICT_OBJC_MSGSEND = YES;
				ENABLE_TESTABILITY = YES;
				GCC_C_LANGUAGE_STANDARD = gnu11;
				GCC_DYNAMIC_NO_PIC = NO;
				GCC_NO_COMMON_BLOCKS = YES;
				GCC_OPTIMIZATION_LEVEL = 0;
				GCC_PREPROCESSOR_DEFINITIONS = (
					"DEBUG=1",
					"$(inherited)",
				);
				GCC_WARN_64_TO_32_BIT_CONVERSION = YES;
				GCC_WARN_ABOUT_RETURN_TYPE = YES_ERROR;
				GCC_WARN_UNDECLARED_SELECTOR = YES;
				GCC_WARN_UNINITIALIZED_AUTOS = YES_AGGRESSIVE;
				GCC_WARN_UNUSED_FUNCTION = YES;
				GCC_WARN_UNUSED_VARIABLE = YES;
				IPHONEOS_DEPLOYMENT_TARGET = 12.4;
				MTL_ENABLE_DEBUG_INFO = INCLUDE_SOURCE;
				MTL_FAST_MATH = YES;
				ONLY_ACTIVE_ARCH = YES;
				SDKROOT = iphoneos;
				SWIFT_ACTIVE_COMPILATION_CONDITIONS = DEBUG;
				SWIFT_OPTIMIZATION_LEVEL = "-Onone";
			};
			name = Debug;
		};
		D4AFF4912307028900F291F8 /* Release */ = {
			isa = XCBuildConfiguration;
			buildSettings = {
				ALWAYS_SEARCH_USER_PATHS = NO;
				CLANG_ANALYZER_NONNULL = YES;
				CLANG_ANALYZER_NUMBER_OBJECT_CONVERSION = YES_AGGRESSIVE;
				CLANG_CXX_LANGUAGE_STANDARD = "gnu++14";
				CLANG_CXX_LIBRARY = "libc++";
				CLANG_ENABLE_MODULES = YES;
				CLANG_ENABLE_OBJC_ARC = YES;
				CLANG_ENABLE_OBJC_WEAK = YES;
				CLANG_WARN_BLOCK_CAPTURE_AUTORELEASING = YES;
				CLANG_WARN_BOOL_CONVERSION = YES;
				CLANG_WARN_COMMA = YES;
				CLANG_WARN_CONSTANT_CONVERSION = YES;
				CLANG_WARN_DEPRECATED_OBJC_IMPLEMENTATIONS = YES;
				CLANG_WARN_DIRECT_OBJC_ISA_USAGE = YES_ERROR;
				CLANG_WARN_DOCUMENTATION_COMMENTS = YES;
				CLANG_WARN_EMPTY_BODY = YES;
				CLANG_WARN_ENUM_CONVERSION = YES;
				CLANG_WARN_INFINITE_RECURSION = YES;
				CLANG_WARN_INT_CONVERSION = YES;
				CLANG_WARN_NON_LITERAL_NULL_CONVERSION = YES;
				CLANG_WARN_OBJC_IMPLICIT_RETAIN_SELF = YES;
				CLANG_WARN_OBJC_LITERAL_CONVERSION = YES;
				CLANG_WARN_OBJC_ROOT_CLASS = YES_ERROR;
				CLANG_WARN_RANGE_LOOP_ANALYSIS = YES;
				CLANG_WARN_STRICT_PROTOTYPES = YES;
				CLANG_WARN_SUSPICIOUS_MOVE = YES;
				CLANG_WARN_UNGUARDED_AVAILABILITY = YES_AGGRESSIVE;
				CLANG_WARN_UNREACHABLE_CODE = YES;
				CLANG_WARN__DUPLICATE_METHOD_MATCH = YES;
				CODE_SIGN_IDENTITY = "iPhone Developer";
				COPY_PHASE_STRIP = NO;
				DEBUG_INFORMATION_FORMAT = "dwarf-with-dsym";
				ENABLE_NS_ASSERTIONS = NO;
				ENABLE_STRICT_OBJC_MSGSEND = YES;
				GCC_C_LANGUAGE_STANDARD = gnu11;
				GCC_NO_COMMON_BLOCKS = YES;
				GCC_WARN_64_TO_32_BIT_CONVERSION = YES;
				GCC_WARN_ABOUT_RETURN_TYPE = YES_ERROR;
				GCC_WARN_UNDECLARED_SELECTOR = YES;
				GCC_WARN_UNINITIALIZED_AUTOS = YES_AGGRESSIVE;
				GCC_WARN_UNUSED_FUNCTION = YES;
				GCC_WARN_UNUSED_VARIABLE = YES;
				IPHONEOS_DEPLOYMENT_TARGET = 12.4;
				MTL_ENABLE_DEBUG_INFO = NO;
				MTL_FAST_MATH = YES;
				SDKROOT = iphoneos;
				SWIFT_COMPILATION_MODE = wholemodule;
				SWIFT_OPTIMIZATION_LEVEL = "-O";
				VALIDATE_PRODUCT = YES;
			};
			name = Release;
		};
		D4AFF4932307028900F291F8 /* Debug */ = {
			isa = XCBuildConfiguration;
			buildSettings = {
				ASSETCATALOG_COMPILER_APPICON_NAME = AppIcon;
				CODE_SIGN_STYLE = Automatic;
				DEVELOPMENT_TEAM = KMTDCPCY5V;
				INFOPLIST_FILE = "$(SRCROOT)/MovieDatabase/Resources/Info.plist";
				LD_RUNPATH_SEARCH_PATHS = (
					"$(inherited)",
					"@executable_path/Frameworks",
				);
				PRODUCT_BUNDLE_IDENTIFIER = com.CameronStuart.MovieDatabase;
				PRODUCT_NAME = "$(TARGET_NAME)";
				SWIFT_VERSION = 5.0;
				TARGETED_DEVICE_FAMILY = "1,2";
			};
			name = Debug;
		};
		D4AFF4942307028900F291F8 /* Release */ = {
			isa = XCBuildConfiguration;
			buildSettings = {
				ASSETCATALOG_COMPILER_APPICON_NAME = AppIcon;
				CODE_SIGN_STYLE = Automatic;
				DEVELOPMENT_TEAM = KMTDCPCY5V;
				INFOPLIST_FILE = "$(SRCROOT)/MovieDatabase/Resources/Info.plist";
				LD_RUNPATH_SEARCH_PATHS = (
					"$(inherited)",
					"@executable_path/Frameworks",
				);
				PRODUCT_BUNDLE_IDENTIFIER = com.CameronStuart.MovieDatabase;
				PRODUCT_NAME = "$(TARGET_NAME)";
				SWIFT_VERSION = 5.0;
				TARGETED_DEVICE_FAMILY = "1,2";
			};
			name = Release;
		};
/* End XCBuildConfiguration section */

/* Begin XCConfigurationList section */
		D4AFF47B2307028900F291F8 /* Build configuration list for PBXProject "MovieDatabase" */ = {
			isa = XCConfigurationList;
			buildConfigurations = (
				D4AFF4902307028900F291F8 /* Debug */,
				D4AFF4912307028900F291F8 /* Release */,
			);
			defaultConfigurationIsVisible = 0;
			defaultConfigurationName = Release;
		};
		D4AFF4922307028900F291F8 /* Build configuration list for PBXNativeTarget "MovieDatabase" */ = {
			isa = XCConfigurationList;
			buildConfigurations = (
				D4AFF4932307028900F291F8 /* Debug */,
				D4AFF4942307028900F291F8 /* Release */,
			);
			defaultConfigurationIsVisible = 0;
			defaultConfigurationName = Release;
		};
/* End XCConfigurationList section */
	};
	rootObject = D4AFF4782307028900F291F8 /* Project object */;
}
